// !$*UTF8*$!
{
	archiveVersion = 1;
	classes = {
	};
	objectVersion = 56;
	objects = {

/* Begin PBXBuildFile section */
		634F8ED52C2D613300DCCAEF /* ARAction.swift in Sources */ = {isa = PBXBuildFile; fileRef = 634F8ED42C2D613300DCCAEF /* ARAction.swift */; };
		634F8ED72C2D614500DCCAEF /* ARManager.swift in Sources */ = {isa = PBXBuildFile; fileRef = 634F8ED62C2D614500DCCAEF /* ARManager.swift */; };
		634F8ED92C2D615800DCCAEF /* MyARView.swift in Sources */ = {isa = PBXBuildFile; fileRef = 634F8ED82C2D615800DCCAEF /* MyARView.swift */; };
		634F8EDB2C2D616900DCCAEF /* MyARViewController.swift in Sources */ = {isa = PBXBuildFile; fileRef = 634F8EDA2C2D616900DCCAEF /* MyARViewController.swift */; };
		634F8EDD2C2D617F00DCCAEF /* MyARViewRepresentable.swift in Sources */ = {isa = PBXBuildFile; fileRef = 634F8EDC2C2D617F00DCCAEF /* MyARViewRepresentable.swift */; };
		634F8EDF2C2D61A900DCCAEF /* GameScene.swift in Sources */ = {isa = PBXBuildFile; fileRef = 634F8EDE2C2D61A900DCCAEF /* GameScene.swift */; };
		634F8EE12C2D61D200DCCAEF /* penguinsong.mp3 in Resources */ = {isa = PBXBuildFile; fileRef = 634F8EE02C2D61D200DCCAEF /* penguinsong.mp3 */; };
		634F8EE32C2D61E300DCCAEF /* soundeffect.aif in Resources */ = {isa = PBXBuildFile; fileRef = 634F8EE22C2D61E300DCCAEF /* soundeffect.aif */; };
		63602FC02C2D56CE00E32452 /* A_Penguin_TaleApp.swift in Sources */ = {isa = PBXBuildFile; fileRef = 63602FBF2C2D56CE00E32452 /* A_Penguin_TaleApp.swift */; };
		63602FC22C2D56CE00E32452 /* ContentView.swift in Sources */ = {isa = PBXBuildFile; fileRef = 63602FC12C2D56CE00E32452 /* ContentView.swift */; };
		63602FC42C2D56CF00E32452 /* Assets.xcassets in Resources */ = {isa = PBXBuildFile; fileRef = 63602FC32C2D56CF00E32452 /* Assets.xcassets */; };
		63602FC72C2D56CF00E32452 /* Preview Assets.xcassets in Resources */ = {isa = PBXBuildFile; fileRef = 63602FC62C2D56CF00E32452 /* Preview Assets.xcassets */; };
/* End PBXBuildFile section */

/* Begin PBXFileReference section */
		634F8ED42C2D613300DCCAEF /* ARAction.swift */ = {isa = PBXFileReference; lastKnownFileType = sourcecode.swift; path = ARAction.swift; sourceTree = "<group>"; };
		634F8ED62C2D614500DCCAEF /* ARManager.swift */ = {isa = PBXFileReference; lastKnownFileType = sourcecode.swift; path = ARManager.swift; sourceTree = "<group>"; };
		634F8ED82C2D615800DCCAEF /* MyARView.swift */ = {isa = PBXFileReference; lastKnownFileType = sourcecode.swift; path = MyARView.swift; sourceTree = "<group>"; };
		634F8EDA2C2D616900DCCAEF /* MyARViewController.swift */ = {isa = PBXFileReference; lastKnownFileType = sourcecode.swift; path = MyARViewController.swift; sourceTree = "<group>"; };
		634F8EDC2C2D617F00DCCAEF /* MyARViewRepresentable.swift */ = {isa = PBXFileReference; lastKnownFileType = sourcecode.swift; path = MyARViewRepresentable.swift; sourceTree = "<group>"; };
		634F8EDE2C2D61A900DCCAEF /* GameScene.swift */ = {isa = PBXFileReference; lastKnownFileType = sourcecode.swift; path = GameScene.swift; sourceTree = "<group>"; };
		634F8EE02C2D61D200DCCAEF /* penguinsong.mp3 */ = {isa = PBXFileReference; lastKnownFileType = audio.mp3; path = penguinsong.mp3; sourceTree = SOURCE_ROOT; };
		634F8EE22C2D61E300DCCAEF /* soundeffect.aif */ = {isa = PBXFileReference; lastKnownFileType = file; path = soundeffect.aif; sourceTree = SOURCE_ROOT; };
		634F8EE42C2D651F00DCCAEF /* A-Penguin-Tale-Info.plist */ = {isa = PBXFileReference; lastKnownFileType = text.plist; path = "A-Penguin-Tale-Info.plist"; sourceTree = SOURCE_ROOT; };
		63602FBC2C2D56CE00E32452 /* A Penguin Tale.app */ = {isa = PBXFileReference; explicitFileType = wrapper.application; includeInIndex = 0; path = "A Penguin Tale.app"; sourceTree = BUILT_PRODUCTS_DIR; };
		63602FBF2C2D56CE00E32452 /* A_Penguin_TaleApp.swift */ = {isa = PBXFileReference; lastKnownFileType = sourcecode.swift; path = A_Penguin_TaleApp.swift; sourceTree = "<group>"; };
		63602FC12C2D56CE00E32452 /* ContentView.swift */ = {isa = PBXFileReference; lastKnownFileType = sourcecode.swift; path = ContentView.swift; sourceTree = "<group>"; };
		63602FC32C2D56CF00E32452 /* Assets.xcassets */ = {isa = PBXFileReference; lastKnownFileType = folder.assetcatalog; path = Assets.xcassets; sourceTree = "<group>"; };
		63602FC62C2D56CF00E32452 /* Preview Assets.xcassets */ = {isa = PBXFileReference; lastKnownFileType = folder.assetcatalog; path = "Preview Assets.xcassets"; sourceTree = "<group>"; };
/* End PBXFileReference section */

/* Begin PBXFrameworksBuildPhase section */
		63602FB92C2D56CE00E32452 /* Frameworks */ = {
			isa = PBXFrameworksBuildPhase;
			buildActionMask = 2147483647;
			files = (
			);
			runOnlyForDeploymentPostprocessing = 0;
		};
/* End PBXFrameworksBuildPhase section */

/* Begin PBXGroup section */
		63602FB32C2D56CE00E32452 = {
			isa = PBXGroup;
			children = (
				63602FBE2C2D56CE00E32452 /* A Penguin Tale */,
				63602FBD2C2D56CE00E32452 /* Products */,
			);
			sourceTree = "<group>";
		};
		63602FBD2C2D56CE00E32452 /* Products */ = {
			isa = PBXGroup;
			children = (
				63602FBC2C2D56CE00E32452 /* A Penguin Tale.app */,
			);
			name = Products;
			sourceTree = "<group>";
		};
		63602FBE2C2D56CE00E32452 /* A Penguin Tale */ = {
			isa = PBXGroup;
			children = (
				634F8EE42C2D651F00DCCAEF /* A-Penguin-Tale-Info.plist */,
				63602FBF2C2D56CE00E32452 /* A_Penguin_TaleApp.swift */,
				63602FC12C2D56CE00E32452 /* ContentView.swift */,
				63602FC32C2D56CF00E32452 /* Assets.xcassets */,
				63602FC52C2D56CF00E32452 /* Preview Content */,
				634F8ED42C2D613300DCCAEF /* ARAction.swift */,
				634F8ED82C2D615800DCCAEF /* MyARView.swift */,
				634F8EDA2C2D616900DCCAEF /* MyARViewController.swift */,
				634F8EDC2C2D617F00DCCAEF /* MyARViewRepresentable.swift */,
				634F8ED62C2D614500DCCAEF /* ARManager.swift */,
				634F8EDE2C2D61A900DCCAEF /* GameScene.swift */,
				634F8EE02C2D61D200DCCAEF /* penguinsong.mp3 */,
				634F8EE22C2D61E300DCCAEF /* soundeffect.aif */,
			);
			path = "A Penguin Tale";
			sourceTree = "<group>";
		};
		63602FC52C2D56CF00E32452 /* Preview Content */ = {
			isa = PBXGroup;
			children = (
				63602FC62C2D56CF00E32452 /* Preview Assets.xcassets */,
			);
			path = "Preview Content";
			sourceTree = "<group>";
		};
/* End PBXGroup section */

/* Begin PBXNativeTarget section */
		63602FBB2C2D56CE00E32452 /* A Penguin Tale */ = {
			isa = PBXNativeTarget;
			buildConfigurationList = 63602FCA2C2D56CF00E32452 /* Build configuration list for PBXNativeTarget "A Penguin Tale" */;
			buildPhases = (
				63602FB82C2D56CE00E32452 /* Sources */,
				63602FB92C2D56CE00E32452 /* Frameworks */,
				63602FBA2C2D56CE00E32452 /* Resources */,
			);
			buildRules = (
			);
			dependencies = (
			);
			name = "A Penguin Tale";
			productName = "A Penguin Tale";
			productReference = 63602FBC2C2D56CE00E32452 /* A Penguin Tale.app */;
			productType = "com.apple.product-type.application";
		};
/* End PBXNativeTarget section */

/* Begin PBXProject section */
		63602FB42C2D56CE00E32452 /* Project object */ = {
			isa = PBXProject;
			attributes = {
				BuildIndependentTargetsInParallel = 1;
				LastSwiftUpdateCheck = 1540;
				LastUpgradeCheck = 1540;
				TargetAttributes = {
					63602FBB2C2D56CE00E32452 = {
						CreatedOnToolsVersion = 15.4;
					};
				};
			};
			buildConfigurationList = 63602FB72C2D56CE00E32452 /* Build configuration list for PBXProject "A Penguin Tale" */;
			compatibilityVersion = "Xcode 14.0";
			developmentRegion = en;
			hasScannedForEncodings = 0;
			knownRegions = (
				en,
				Base,
			);
			mainGroup = 63602FB32C2D56CE00E32452;
			productRefGroup = 63602FBD2C2D56CE00E32452 /* Products */;
			projectDirPath = "";
			projectRoot = "";
			targets = (
				63602FBB2C2D56CE00E32452 /* A Penguin Tale */,
			);
		};
/* End PBXProject section */

/* Begin PBXResourcesBuildPhase section */
		63602FBA2C2D56CE00E32452 /* Resources */ = {
			isa = PBXResourcesBuildPhase;
			buildActionMask = 2147483647;
			files = (
				634F8EE12C2D61D200DCCAEF /* penguinsong.mp3 in Resources */,
				63602FC72C2D56CF00E32452 /* Preview Assets.xcassets in Resources */,
				63602FC42C2D56CF00E32452 /* Assets.xcassets in Resources */,
				634F8EE32C2D61E300DCCAEF /* soundeffect.aif in Resources */,
			);
			runOnlyForDeploymentPostprocessing = 0;
		};
/* End PBXResourcesBuildPhase section */

/* Begin PBXSourcesBuildPhase section */
		63602FB82C2D56CE00E32452 /* Sources */ = {
			isa = PBXSourcesBuildPhase;
			buildActionMask = 2147483647;
			files = (
				634F8EDD2C2D617F00DCCAEF /* MyARViewRepresentable.swift in Sources */,
				634F8ED72C2D614500DCCAEF /* ARManager.swift in Sources */,
				634F8EDF2C2D61A900DCCAEF /* GameScene.swift in Sources */,
				634F8EDB2C2D616900DCCAEF /* MyARViewController.swift in Sources */,
				63602FC22C2D56CE00E32452 /* ContentView.swift in Sources */,
				634F8ED92C2D615800DCCAEF /* MyARView.swift in Sources */,
				63602FC02C2D56CE00E32452 /* A_Penguin_TaleApp.swift in Sources */,
				634F8ED52C2D613300DCCAEF /* ARAction.swift in Sources */,
			);
			runOnlyForDeploymentPostprocessing = 0;
		};
/* End PBXSourcesBuildPhase section */

/* Begin XCBuildConfiguration section */
		63602FC82C2D56CF00E32452 /* Debug */ = {
			isa = XCBuildConfiguration;
			buildSettings = {
				ALWAYS_SEARCH_USER_PATHS = NO;
				ASSETCATALOG_COMPILER_GENERATE_SWIFT_ASSET_SYMBOL_EXTENSIONS = YES;
				CLANG_ANALYZER_NONNULL = YES;
				CLANG_ANALYZER_NUMBER_OBJECT_CONVERSION = YES_AGGRESSIVE;
				CLANG_CXX_LANGUAGE_STANDARD = "gnu++20";
				CLANG_ENABLE_MODULES = YES;
				CLANG_ENABLE_OBJC_ARC = YES;
				CLANG_ENABLE_OBJC_WEAK = YES;
				CLANG_WARN_BLOCK_CAPTURE_AUTORELEASING = YES;
				CLANG_WARN_BOOL_CONVERSION = YES;
				CLANG_WARN_COMMA = YES;
				CLANG_WARN_CONSTANT_CONVERSION = YES;
				CLANG_WARN_DEPRECATED_OBJC_IMPLEMENTATIONS = YES;
				CLANG_WARN_DIRECT_OBJC_ISA_USAGE = YES_ERROR;
				CLANG_WARN_DOCUMENTATION_COMMENTS = YES;
				CLANG_WARN_EMPTY_BODY = YES;
				CLANG_WARN_ENUM_CONVERSION = YES;
				CLANG_WARN_INFINITE_RECURSION = YES;
				CLANG_WARN_INT_CONVERSION = YES;
				CLANG_WARN_NON_LITERAL_NULL_CONVERSION = YES;
				CLANG_WARN_OBJC_IMPLICIT_RETAIN_SELF = YES;
				CLANG_WARN_OBJC_LITERAL_CONVERSION = YES;
				CLANG_WARN_OBJC_ROOT_CLASS = YES_ERROR;
				CLANG_WARN_QUOTED_INCLUDE_IN_FRAMEWORK_HEADER = YES;
				CLANG_WARN_RANGE_LOOP_ANALYSIS = YES;
				CLANG_WARN_STRICT_PROTOTYPES = YES;
				CLANG_WARN_SUSPICIOUS_MOVE = YES;
				CLANG_WARN_UNGUARDED_AVAILABILITY = YES_AGGRESSIVE;
				CLANG_WARN_UNREACHABLE_CODE = YES;
				CLANG_WARN__DUPLICATE_METHOD_MATCH = YES;
				COPY_PHASE_STRIP = NO;
				DEBUG_INFORMATION_FORMAT = dwarf;
				ENABLE_STRICT_OBJC_MSGSEND = YES;
				ENABLE_TESTABILITY = YES;
				ENABLE_USER_SCRIPT_SANDBOXING = YES;
				GCC_C_LANGUAGE_STANDARD = gnu17;
				GCC_DYNAMIC_NO_PIC = NO;
				GCC_NO_COMMON_BLOCKS = YES;
				GCC_OPTIMIZATION_LEVEL = 0;
				GCC_PREPROCESSOR_DEFINITIONS = (
					"DEBUG=1",
					"$(inherited)",
				);
				GCC_WARN_64_TO_32_BIT_CONVERSION = YES;
				GCC_WARN_ABOUT_RETURN_TYPE = YES_ERROR;
				GCC_WARN_UNDECLARED_SELECTOR = YES;
				GCC_WARN_UNINITIALIZED_AUTOS = YES_AGGRESSIVE;
				GCC_WARN_UNUSED_FUNCTION = YES;
				GCC_WARN_UNUSED_VARIABLE = YES;
				IPHONEOS_DEPLOYMENT_TARGET = 17.5;
				LOCALIZATION_PREFERS_STRING_CATALOGS = YES;
				MTL_ENABLE_DEBUG_INFO = INCLUDE_SOURCE;
				MTL_FAST_MATH = YES;
				ONLY_ACTIVE_ARCH = YES;
				SDKROOT = iphoneos;
				SWIFT_ACTIVE_COMPILATION_CONDITIONS = "DEBUG $(inherited)";
				SWIFT_OPTIMIZATION_LEVEL = "-Onone";
			};
			name = Debug;
		};
		63602FC92C2D56CF00E32452 /* Release */ = {
			isa = XCBuildConfiguration;
			buildSettings = {
				ALWAYS_SEARCH_USER_PATHS = NO;
				ASSETCATALOG_COMPILER_GENERATE_SWIFT_ASSET_SYMBOL_EXTENSIONS = YES;
				CLANG_ANALYZER_NONNULL = YES;
				CLANG_ANALYZER_NUMBER_OBJECT_CONVERSION = YES_AGGRESSIVE;
				CLANG_CXX_LANGUAGE_STANDARD = "gnu++20";
				CLANG_ENABLE_MODULES = YES;
				CLANG_ENABLE_OBJC_ARC = YES;
				CLANG_ENABLE_OBJC_WEAK = YES;
				CLANG_WARN_BLOCK_CAPTURE_AUTORELEASING = YES;
				CLANG_WARN_BOOL_CONVERSION = YES;
				CLANG_WARN_COMMA = YES;
				CLANG_WARN_CONSTANT_CONVERSION = YES;
				CLANG_WARN_DEPRECATED_OBJC_IMPLEMENTATIONS = YES;
				CLANG_WARN_DIRECT_OBJC_ISA_USAGE = YES_ERROR;
				CLANG_WARN_DOCUMENTATION_COMMENTS = YES;
				CLANG_WARN_EMPTY_BODY = YES;
				CLANG_WARN_ENUM_CONVERSION = YES;
				CLANG_WARN_INFINITE_RECURSION = YES;
				CLANG_WARN_INT_CONVERSION = YES;
				CLANG_WARN_NON_LITERAL_NULL_CONVERSION = YES;
				CLANG_WARN_OBJC_IMPLICIT_RETAIN_SELF = YES;
				CLANG_WARN_OBJC_LITERAL_CONVERSION = YES;
				CLANG_WARN_OBJC_ROOT_CLASS = YES_ERROR;
				CLANG_WARN_QUOTED_INCLUDE_IN_FRAMEWORK_HEADER = YES;
				CLANG_WARN_RANGE_LOOP_ANALYSIS = YES;
				CLANG_WARN_STRICT_PROTOTYPES = YES;
				CLANG_WARN_SUSPICIOUS_MOVE = YES;
				CLANG_WARN_UNGUARDED_AVAILABILITY = YES_AGGRESSIVE;
				CLANG_WARN_UNREACHABLE_CODE = YES;
				CLANG_WARN__DUPLICATE_METHOD_MATCH = YES;
				COPY_PHASE_STRIP = NO;
				DEBUG_INFORMATION_FORMAT = "dwarf-with-dsym";
				ENABLE_NS_ASSERTIONS = NO;
				ENABLE_STRICT_OBJC_MSGSEND = YES;
				ENABLE_USER_SCRIPT_SANDBOXING = YES;
				GCC_C_LANGUAGE_STANDARD = gnu17;
				GCC_NO_COMMON_BLOCKS = YES;
				GCC_WARN_64_TO_32_BIT_CONVERSION = YES;
				GCC_WARN_ABOUT_RETURN_TYPE = YES_ERROR;
				GCC_WARN_UNDECLARED_SELECTOR = YES;
				GCC_WARN_UNINITIALIZED_AUTOS = YES_AGGRESSIVE;
				GCC_WARN_UNUSED_FUNCTION = YES;
				GCC_WARN_UNUSED_VARIABLE = YES;
				IPHONEOS_DEPLOYMENT_TARGET = 17.5;
				LOCALIZATION_PREFERS_STRING_CATALOGS = YES;
				MTL_ENABLE_DEBUG_INFO = NO;
				MTL_FAST_MATH = YES;
				SDKROOT = iphoneos;
				SWIFT_COMPILATION_MODE = wholemodule;
				VALIDATE_PRODUCT = YES;
			};
			name = Release;
		};
		63602FCB2C2D56CF00E32452 /* Debug */ = {
			isa = XCBuildConfiguration;
			buildSettings = {
				ASSETCATALOG_COMPILER_APPICON_NAME = AppIcon;
				ASSETCATALOG_COMPILER_GLOBAL_ACCENT_COLOR_NAME = AccentColor;
				CODE_SIGN_STYLE = Automatic;
				CURRENT_PROJECT_VERSION = 1;
				DEVELOPMENT_ASSET_PATHS = "\"A Penguin Tale/Preview Content\"";
				DEVELOPMENT_TEAM = 5Y7P52GGAD;
				ENABLE_PREVIEWS = YES;
				GENERATE_INFOPLIST_FILE = YES;
				INFOPLIST_FILE = "A-Penguin-Tale-Info.plist";
				INFOPLIST_KEY_CFBundleDisplayName = "A Penguin Tale: Melting Ice";
				INFOPLIST_KEY_LSApplicationCategoryType = "public.app-category.games";
				INFOPLIST_KEY_UIApplicationSceneManifest_Generation = YES;
				INFOPLIST_KEY_UIApplicationSupportsIndirectInputEvents = YES;
				INFOPLIST_KEY_UILaunchScreen_Generation = YES;
				INFOPLIST_KEY_UIRequiresFullScreen = YES;
				INFOPLIST_KEY_UISupportedInterfaceOrientations_iPad = "UIInterfaceOrientationLandscapeLeft UIInterfaceOrientationLandscapeRight";
				LD_RUNPATH_SEARCH_PATHS = (
					"$(inherited)",
					"@executable_path/Frameworks",
				);
				MARKETING_VERSION = 1.0;
				PRODUCT_BUNDLE_IDENTIFIER = MatteoPerotta.PenguinTale;
				PRODUCT_NAME = "$(TARGET_NAME)";
				SUPPORTED_PLATFORMS = "iphoneos iphonesimulator";
				SUPPORTS_MACCATALYST = NO;
				SWIFT_EMIT_LOC_STRINGS = YES;
				SWIFT_VERSION = 5.0;
				TARGETED_DEVICE_FAMILY = 2;
			};
			name = Debug;
		};
		63602FCC2C2D56CF00E32452 /* Release */ = {
			isa = XCBuildConfiguration;
			buildSettings = {
				ASSETCATALOG_COMPILER_APPICON_NAME = AppIcon;
				ASSETCATALOG_COMPILER_GLOBAL_ACCENT_COLOR_NAME = AccentColor;
				CODE_SIGN_STYLE = Automatic;
				CURRENT_PROJECT_VERSION = 1;
				DEVELOPMENT_ASSET_PATHS = "\"A Penguin Tale/Preview Content\"";
				DEVELOPMENT_TEAM = 5Y7P52GGAD;
				ENABLE_PREVIEWS = YES;
				GENERATE_INFOPLIST_FILE = YES;
				INFOPLIST_FILE = "A-Penguin-Tale-Info.plist";
				INFOPLIST_KEY_CFBundleDisplayName = "A Penguin Tale: Melting Ice";
				INFOPLIST_KEY_LSApplicationCategoryType = "public.app-category.games";
				INFOPLIST_KEY_UIApplicationSceneManifest_Generation = YES;
				INFOPLIST_KEY_UIApplicationSupportsIndirectInputEvents = YES;
				INFOPLIST_KEY_UILaunchScreen_Generation = YES;
				INFOPLIST_KEY_UIRequiresFullScreen = YES;
				INFOPLIST_KEY_UISupportedInterfaceOrientations_iPad = "UIInterfaceOrientationLandscapeLeft UIInterfaceOrientationLandscapeRight";
				LD_RUNPATH_SEARCH_PATHS = (
					"$(inherited)",
					"@executable_path/Frameworks",
				);
				MARKETING_VERSION = 1.0;
				PRODUCT_BUNDLE_IDENTIFIER = MatteoPerotta.PenguinTale;
				PRODUCT_NAME = "$(TARGET_NAME)";
				SUPPORTED_PLATFORMS = "iphoneos iphonesimulator";
				SUPPORTS_MACCATALYST = NO;
				SWIFT_EMIT_LOC_STRINGS = YES;
				SWIFT_VERSION = 5.0;
				TARGETED_DEVICE_FAMILY = 2;
			};
			name = Release;
		};
/* End XCBuildConfiguration section */

/* Begin XCConfigurationList section */
		63602FB72C2D56CE00E32452 /* Build configuration list for PBXProject "A Penguin Tale" */ = {
			isa = XCConfigurationList;
			buildConfigurations = (
				63602FC82C2D56CF00E32452 /* Debug */,
				63602FC92C2D56CF00E32452 /* Release */,
			);
			defaultConfigurationIsVisible = 0;
			defaultConfigurationName = Release;
		};
		63602FCA2C2D56CF00E32452 /* Build configuration list for PBXNativeTarget "A Penguin Tale" */ = {
			isa = XCConfigurationList;
			buildConfigurations = (
				63602FCB2C2D56CF00E32452 /* Debug */,
				63602FCC2C2D56CF00E32452 /* Release */,
			);
			defaultConfigurationIsVisible = 0;
			defaultConfigurationName = Release;
		};
/* End XCConfigurationList section */
	};
	rootObject = 63602FB42C2D56CE00E32452 /* Project object */;
}
